
Microsoft Visual Studio Solution File, Format Version 12.00
# Visual Studio 15
Project("{FAE04EC0-301F-11D3-BF4B-00C04F79EFBC}") = "TrueCoders", "TrueCoders\TrueCoders.csproj", "{9FF05256-D3B9-4777-A98A-D741A5FB0AC7}"
EndProject
Global
	GlobalSection(SolutionConfigurationPlatforms) = preSolution
		Debug|Any CPU = Debug|Any CPU
		Release|Any CPU = Release|Any CPU
	EndGlobalSection
	GlobalSection(ProjectConfigurationPlatforms) = postSolution
		{9FF05256-D3B9-4777-A98A-D741A5FB0AC7}.Debug|Any CPU.ActiveCfg = Debug|Any CPU
		{9FF05256-D3B9-4777-A98A-D741A5FB0AC7}.Debug|Any CPU.Build.0 = Debug|Any CPU
		{9FF05256-D3B9-4777-A98A-D741A5FB0AC7}.Release|Any CPU.ActiveCfg = Release|Any CPU
		{9FF05256-D3B9-4777-A98A-D741A5FB0AC7}.Release|Any CPU.Build.0 = Release|Any CPU
	EndGlobalSection
EndGlobal
